
Microsoft Visual Studio Solution File, Format Version 12.00
Project("{FAE04EC0-301F-11D3-BF4B-00C04F79EFBC}") = "Dapper.CQRS.QueryBuilder.Tests", "Dapper.CQRS.QueryBuilder.Tests\Dapper.CQRS.QueryBuilder.Tests.csproj", "{EAC95ECE-2EBA-4B7D-A226-0D90194035A4}"
EndProject
Project("{FAE04EC0-301F-11D3-BF4B-00C04F79EFBC}") = "Dapper.CQRS.QueryBuilders", "Dapper.CQRS.QueryBuilders\Dapper.CQRS.QueryBuilders.csproj", "{E9691702-9B4F-4802-93DB-72533D7F6594}"
EndProject
Global
	GlobalSection(SolutionConfigurationPlatforms) = preSolution
		Debug|Any CPU = Debug|Any CPU
		Release|Any CPU = Release|Any CPU
	EndGlobalSection
	GlobalSection(ProjectConfigurationPlatforms) = postSolution
		{EAC95ECE-2EBA-4B7D-A226-0D90194035A4}.Debug|Any CPU.ActiveCfg = Debug|Any CPU
		{EAC95ECE-2EBA-4B7D-A226-0D90194035A4}.Debug|Any CPU.Build.0 = Debug|Any CPU
		{EAC95ECE-2EBA-4B7D-A226-0D90194035A4}.Release|Any CPU.ActiveCfg = Release|Any CPU
		{EAC95ECE-2EBA-4B7D-A226-0D90194035A4}.Release|Any CPU.Build.0 = Release|Any CPU
		{C9479417-8562-4420-AAB3-F136E1574E09}.Debug|Any CPU.ActiveCfg = Debug|Any CPU
		{C9479417-8562-4420-AAB3-F136E1574E09}.Debug|Any CPU.Build.0 = Debug|Any CPU
		{C9479417-8562-4420-AAB3-F136E1574E09}.Release|Any CPU.ActiveCfg = Release|Any CPU
		{C9479417-8562-4420-AAB3-F136E1574E09}.Release|Any CPU.Build.0 = Release|Any CPU
		{E9691702-9B4F-4802-93DB-72533D7F6594}.Debug|Any CPU.ActiveCfg = Debug|Any CPU
		{E9691702-9B4F-4802-93DB-72533D7F6594}.Debug|Any CPU.Build.0 = Debug|Any CPU
		{E9691702-9B4F-4802-93DB-72533D7F6594}.Release|Any CPU.ActiveCfg = Release|Any CPU
		{E9691702-9B4F-4802-93DB-72533D7F6594}.Release|Any CPU.Build.0 = Release|Any CPU
	EndGlobalSection
EndGlobal
